{
  "pins" : [
    {
      "identity" : "resizablesheet",
      "kind" : "remoteSourceControl",
      "location" : "https://github.com/mtj0928/ResizableSheet.git",
      "state" : {
        "branch" : "main",
        "revision" : "13a498d95fe0a152b153af5b06094524f959cf33"
      }
    }
  ],
  "version" : 2
}
