// !$*UTF8*$!
{
	archiveVersion = 1;
	classes = {
	};
	objectVersion = 56;
	objects = {

/* Begin PBXBuildFile section */
		E0003D0328FD3BB0007308B0 /* TagTitle.swift in Sources */ = {isa = PBXBuildFile; fileRef = E0003D0228FD3BB0007308B0 /* TagTitle.swift */; };
		E01AA3A129167F02000FCD37 /* ResizableSheet in Frameworks */ = {isa = PBXBuildFile; productRef = E01AA3A029167F02000FCD37 /* ResizableSheet */; };
		E01AA3A32916C674000FCD37 /* TagModel.swift in Sources */ = {isa = PBXBuildFile; fileRef = E01AA3A22916C674000FCD37 /* TagModel.swift */; };
		E01AA3A529176FE7000FCD37 /* PHPickerView.swift in Sources */ = {isa = PBXBuildFile; fileRef = E01AA3A429176FE7000FCD37 /* PHPickerView.swift */; };
		E01AA3A729177A76000FCD37 /* UserViewModel.swift in Sources */ = {isa = PBXBuildFile; fileRef = E01AA3A629177A76000FCD37 /* UserViewModel.swift */; };
		E01AA3A9291780DD000FCD37 /* UIImageExtension.swift in Sources */ = {isa = PBXBuildFile; fileRef = E01AA3A8291780DD000FCD37 /* UIImageExtension.swift */; };
		E01AA3AB291780ED000FCD37 /* StringExtension.swift in Sources */ = {isa = PBXBuildFile; fileRef = E01AA3AA291780ED000FCD37 /* StringExtension.swift */; };
		E01E1390291D168B0001F2DA /* SystemSideMenu.swift in Sources */ = {isa = PBXBuildFile; fileRef = E01E138F291D168B0001F2DA /* SystemSideMenu.swift */; };
		E04ACF4128E6DD600054A6C4 /* ShowsItemDetail.swift in Sources */ = {isa = PBXBuildFile; fileRef = E04ACF4028E6DD600054A6C4 /* ShowsItemDetail.swift */; };
		E04ACF4328E73C660054A6C4 /* IndicatorRow.swift in Sources */ = {isa = PBXBuildFile; fileRef = E04ACF4228E73C660054A6C4 /* IndicatorRow.swift */; };
		E05130E228F341620092FE46 /* RootView.swift in Sources */ = {isa = PBXBuildFile; fileRef = E05130E128F341610092FE46 /* RootView.swift */; };
		E05FE94528F71BFB00263F98 /* ColorExtension.swift in Sources */ = {isa = PBXBuildFile; fileRef = E05FE94428F71BFB00263F98 /* ColorExtension.swift */; };
		E0796AD328F46CC90094E50C /* ItemCardRow.swift in Sources */ = {isa = PBXBuildFile; fileRef = E0796AD228F46CC90094E50C /* ItemCardRow.swift */; };
		E0796AD528F4850D0094E50C /* ButtonModel.swift in Sources */ = {isa = PBXBuildFile; fileRef = E0796AD428F4850D0094E50C /* ButtonModel.swift */; };
		E0796AD728F485850094E50C /* ButtonViewModel.swift in Sources */ = {isa = PBXBuildFile; fileRef = E0796AD628F485850094E50C /* ButtonViewModel.swift */; };
		E0796ADD28F5F2830094E50C /* CartItemsSheet.swift in Sources */ = {isa = PBXBuildFile; fileRef = E0796ADC28F5F2830094E50C /* CartItemsSheet.swift */; };
		E0796AE328F6D77A0094E50C /* CommerceSheet.swift in Sources */ = {isa = PBXBuildFile; fileRef = E0796AE228F6D77A0094E50C /* CommerceSheet.swift */; };
		E08F272528DDA08E00329C5E /* Artwork_ManagementApp.swift in Sources */ = {isa = PBXBuildFile; fileRef = E08F272428DDA08E00329C5E /* Artwork_ManagementApp.swift */; };
		E08F272928DDA09000329C5E /* Assets.xcassets in Resources */ = {isa = PBXBuildFile; fileRef = E08F272828DDA09000329C5E /* Assets.xcassets */; };
		E08F272C28DDA09000329C5E /* Preview Assets.xcassets in Resources */ = {isa = PBXBuildFile; fileRef = E08F272B28DDA09000329C5E /* Preview Assets.xcassets */; };
		E08F273628DDB48100329C5E /* StockView.swift in Sources */ = {isa = PBXBuildFile; fileRef = E08F273528DDB48100329C5E /* StockView.swift */; };
		E08F273828DDB51600329C5E /* ManageView.swift in Sources */ = {isa = PBXBuildFile; fileRef = E08F273728DDB51600329C5E /* ManageView.swift */; };
		E08F273A28DDB53700329C5E /* SystemView.swift in Sources */ = {isa = PBXBuildFile; fileRef = E08F273928DDB53700329C5E /* SystemView.swift */; };
		E08F273C28DDB61A00329C5E /* LibraryView.swift in Sources */ = {isa = PBXBuildFile; fileRef = E08F273B28DDB61A00329C5E /* LibraryView.swift */; };
		E08F273E28DDB65F00329C5E /* HomeTabView.swift in Sources */ = {isa = PBXBuildFile; fileRef = E08F273D28DDB65F00329C5E /* HomeTabView.swift */; };
		E094F10028E20F1000D3C845 /* LogInView.swift in Sources */ = {isa = PBXBuildFile; fileRef = E094F0FF28E20F1000D3C845 /* LogInView.swift */; };
		E094F10228E21EBA00D3C845 /* FirstSignInView.swift in Sources */ = {isa = PBXBuildFile; fileRef = E094F10128E21EBA00D3C845 /* FirstSignInView.swift */; };
		E099CD2D291B395E00057543 /* FirebaseAuth in Frameworks */ = {isa = PBXBuildFile; productRef = E099CD2C291B395E00057543 /* FirebaseAuth */; };
		E099CD2F291B395E00057543 /* FirebaseFirestore in Frameworks */ = {isa = PBXBuildFile; productRef = E099CD2E291B395E00057543 /* FirebaseFirestore */; };
		E099CD31291B395E00057543 /* FirebaseFirestoreSwift in Frameworks */ = {isa = PBXBuildFile; productRef = E099CD30291B395E00057543 /* FirebaseFirestoreSwift */; };
		E099CD33291B395E00057543 /* FirebaseStorage in Frameworks */ = {isa = PBXBuildFile; productRef = E099CD32291B395E00057543 /* FirebaseStorage */; };
		E09F09BC28EAF33500D07669 /* FocusedLineRow.swift in Sources */ = {isa = PBXBuildFile; fileRef = E09F09BB28EAF33500D07669 /* FocusedLineRow.swift */; };
		E09F09C528ED5DEA00D07669 /* SideMenuEditTagView.swift in Sources */ = {isa = PBXBuildFile; fileRef = E09F09C428ED5DEA00D07669 /* SideMenuEditTagView.swift */; };
		E09F09C728EE266600D07669 /* InputFormTitle.swift in Sources */ = {isa = PBXBuildFile; fileRef = E09F09C628EE266500D07669 /* InputFormTitle.swift */; };
		E09F09C928EE3B4900D07669 /* UsefulButton.swift in Sources */ = {isa = PBXBuildFile; fileRef = E09F09C828EE3B4900D07669 /* UsefulButton.swift */; };
		E09F09CB28EFEA8700D07669 /* EditItemPhotoArea.swift in Sources */ = {isa = PBXBuildFile; fileRef = E09F09CA28EFEA8600D07669 /* EditItemPhotoArea.swift */; };
		E09F09CE28F146DB00D07669 /* EditItemView.swift in Sources */ = {isa = PBXBuildFile; fileRef = E09F09CD28F146DB00D07669 /* EditItemView.swift */; };
		E0A36452290A37A600B30A14 /* CustomArcShape.swift in Sources */ = {isa = PBXBuildFile; fileRef = E0A36451290A37A600B30A14 /* CustomArcShape.swift */; };
		E0A7DE4B290B9E0A008C3F3F /* ShowItemPhoto.swift in Sources */ = {isa = PBXBuildFile; fileRef = E0A7DE4A290B9E09008C3F3F /* ShowItemPhoto.swift */; };
		E0A7DE4E290C289A008C3F3F /* CircleIcon.swift in Sources */ = {isa = PBXBuildFile; fileRef = E0A7DE4D290C289A008C3F3F /* CircleIcon.swift */; };
		E0A7DE50290DAB40008C3F3F /* BlurView.swift in Sources */ = {isa = PBXBuildFile; fileRef = E0A7DE4F290DAB40008C3F3F /* BlurView.swift */; };
		E0CB9DCB2913964F00D95C54 /* ViewExtension.swift in Sources */ = {isa = PBXBuildFile; fileRef = E0CB9DCA2913964F00D95C54 /* ViewExtension.swift */; };
		E0CC79B628E761EA00CE0B19 /* UserModel.swift in Sources */ = {isa = PBXBuildFile; fileRef = E0CC79B528E761EA00CE0B19 /* UserModel.swift */; };
		E0CC79B828E7811500CE0B19 /* ItemDetailData.swift in Sources */ = {isa = PBXBuildFile; fileRef = E0CC79B728E7811500CE0B19 /* ItemDetailData.swift */; };
		E0CF7EEC28DEEED700735142 /* LibraryListView.swift in Sources */ = {isa = PBXBuildFile; fileRef = E0CF7EEB28DEEED700735142 /* LibraryListView.swift */; };
		E0CF7EF028DF152D00735142 /* ItemModel.swift in Sources */ = {isa = PBXBuildFile; fileRef = E0CF7EEF28DF152D00735142 /* ItemModel.swift */; };
		E0CF7EF228DF166700735142 /* ItemViewModel.swift in Sources */ = {isa = PBXBuildFile; fileRef = E0CF7EF128DF166700735142 /* ItemViewModel.swift */; };
		E0CF7EF428DF385800735142 /* ItemCards.swift in Sources */ = {isa = PBXBuildFile; fileRef = E0CF7EF328DF385800735142 /* ItemCards.swift */; };
		E0CF7EF628DF6E6F00735142 /* AccountIconView.swift in Sources */ = {isa = PBXBuildFile; fileRef = E0CF7EF528DF6E6F00735142 /* AccountIconView.swift */; };
		E0CF7EF828DF7BFA00735142 /* SystemListView.swift in Sources */ = {isa = PBXBuildFile; fileRef = E0CF7EF728DF7BFA00735142 /* SystemListView.swift */; };
		E0DE98D828E2DBB800471AB4 /* LogInViewModel.swift in Sources */ = {isa = PBXBuildFile; fileRef = E0DE98D728E2DBB800471AB4 /* LogInViewModel.swift */; };
		E0DEF2EA291A99280088A9FC /* GoogleService-Info.plist in Resources */ = {isa = PBXBuildFile; fileRef = E0DEF2E9291A99280088A9FC /* GoogleService-Info.plist */; };
		E0F78FC42919F06D00A95CD1 /* DateFormatterExtension.swift in Sources */ = {isa = PBXBuildFile; fileRef = E0F78FC32919F06D00A95CD1 /* DateFormatterExtension.swift */; };
/* End PBXBuildFile section */

/* Begin PBXFileReference section */
		E0003D0228FD3BB0007308B0 /* TagTitle.swift */ = {isa = PBXFileReference; lastKnownFileType = sourcecode.swift; path = TagTitle.swift; sourceTree = "<group>"; };
		E01AA3A22916C674000FCD37 /* TagModel.swift */ = {isa = PBXFileReference; lastKnownFileType = sourcecode.swift; path = TagModel.swift; sourceTree = "<group>"; };
		E01AA3A429176FE7000FCD37 /* PHPickerView.swift */ = {isa = PBXFileReference; lastKnownFileType = sourcecode.swift; path = PHPickerView.swift; sourceTree = "<group>"; };
		E01AA3A629177A76000FCD37 /* UserViewModel.swift */ = {isa = PBXFileReference; lastKnownFileType = sourcecode.swift; path = UserViewModel.swift; sourceTree = "<group>"; };
		E01AA3A8291780DD000FCD37 /* UIImageExtension.swift */ = {isa = PBXFileReference; lastKnownFileType = sourcecode.swift; path = UIImageExtension.swift; sourceTree = "<group>"; };
		E01AA3AA291780ED000FCD37 /* StringExtension.swift */ = {isa = PBXFileReference; lastKnownFileType = sourcecode.swift; path = StringExtension.swift; sourceTree = "<group>"; };
		E01AA3AC2917AD4C000FCD37 /* ViewExtension.swift */ = {isa = PBXFileReference; lastKnownFileType = sourcecode.swift; path = ViewExtension.swift; sourceTree = "<group>"; };
		E01E138F291D168B0001F2DA /* SystemSideMenu.swift */ = {isa = PBXFileReference; lastKnownFileType = sourcecode.swift; path = SystemSideMenu.swift; sourceTree = "<group>"; };
		E04ACF4028E6DD600054A6C4 /* ShowsItemDetail.swift */ = {isa = PBXFileReference; lastKnownFileType = sourcecode.swift; path = ShowsItemDetail.swift; sourceTree = "<group>"; };
		E04ACF4228E73C660054A6C4 /* IndicatorRow.swift */ = {isa = PBXFileReference; lastKnownFileType = sourcecode.swift; path = IndicatorRow.swift; sourceTree = "<group>"; };
		E05130E128F341610092FE46 /* RootView.swift */ = {isa = PBXFileReference; lastKnownFileType = sourcecode.swift; path = RootView.swift; sourceTree = "<group>"; };
		E05FE94428F71BFB00263F98 /* ColorExtension.swift */ = {isa = PBXFileReference; lastKnownFileType = sourcecode.swift; path = ColorExtension.swift; sourceTree = "<group>"; };
		E0796AD228F46CC90094E50C /* ItemCardRow.swift */ = {isa = PBXFileReference; lastKnownFileType = sourcecode.swift; path = ItemCardRow.swift; sourceTree = "<group>"; };
		E0796AD428F4850D0094E50C /* ButtonModel.swift */ = {isa = PBXFileReference; lastKnownFileType = sourcecode.swift; path = ButtonModel.swift; sourceTree = "<group>"; };
		E0796AD628F485850094E50C /* ButtonViewModel.swift */ = {isa = PBXFileReference; lastKnownFileType = sourcecode.swift; path = ButtonViewModel.swift; sourceTree = "<group>"; };
		E0796ADC28F5F2830094E50C /* CartItemsSheet.swift */ = {isa = PBXFileReference; lastKnownFileType = sourcecode.swift; path = CartItemsSheet.swift; sourceTree = "<group>"; };
		E0796AE228F6D77A0094E50C /* CommerceSheet.swift */ = {isa = PBXFileReference; lastKnownFileType = sourcecode.swift; path = CommerceSheet.swift; sourceTree = "<group>"; };
		E08F272128DDA08E00329C5E /* Artwork_Management.app */ = {isa = PBXFileReference; explicitFileType = wrapper.application; includeInIndex = 0; path = Artwork_Management.app; sourceTree = BUILT_PRODUCTS_DIR; };
		E08F272428DDA08E00329C5E /* Artwork_ManagementApp.swift */ = {isa = PBXFileReference; lastKnownFileType = sourcecode.swift; path = Artwork_ManagementApp.swift; sourceTree = "<group>"; };
		E08F272828DDA09000329C5E /* Assets.xcassets */ = {isa = PBXFileReference; lastKnownFileType = folder.assetcatalog; path = Assets.xcassets; sourceTree = "<group>"; };
		E08F272B28DDA09000329C5E /* Preview Assets.xcassets */ = {isa = PBXFileReference; lastKnownFileType = folder.assetcatalog; path = "Preview Assets.xcassets"; sourceTree = "<group>"; };
		E08F273528DDB48100329C5E /* StockView.swift */ = {isa = PBXFileReference; lastKnownFileType = sourcecode.swift; path = StockView.swift; sourceTree = "<group>"; };
		E08F273728DDB51600329C5E /* ManageView.swift */ = {isa = PBXFileReference; lastKnownFileType = sourcecode.swift; path = ManageView.swift; sourceTree = "<group>"; };
		E08F273928DDB53700329C5E /* SystemView.swift */ = {isa = PBXFileReference; lastKnownFileType = sourcecode.swift; path = SystemView.swift; sourceTree = "<group>"; };
		E08F273B28DDB61A00329C5E /* LibraryView.swift */ = {isa = PBXFileReference; lastKnownFileType = sourcecode.swift; path = LibraryView.swift; sourceTree = "<group>"; };
		E08F273D28DDB65F00329C5E /* HomeTabView.swift */ = {isa = PBXFileReference; lastKnownFileType = sourcecode.swift; path = HomeTabView.swift; sourceTree = "<group>"; };
		E094F0FF28E20F1000D3C845 /* LogInView.swift */ = {isa = PBXFileReference; lastKnownFileType = sourcecode.swift; path = LogInView.swift; sourceTree = "<group>"; };
		E094F10128E21EBA00D3C845 /* FirstSignInView.swift */ = {isa = PBXFileReference; lastKnownFileType = sourcecode.swift; path = FirstSignInView.swift; sourceTree = "<group>"; };
		E09F09BB28EAF33500D07669 /* FocusedLineRow.swift */ = {isa = PBXFileReference; lastKnownFileType = sourcecode.swift; path = FocusedLineRow.swift; sourceTree = "<group>"; };
		E09F09C428ED5DEA00D07669 /* SideMenuEditTagView.swift */ = {isa = PBXFileReference; lastKnownFileType = sourcecode.swift; path = SideMenuEditTagView.swift; sourceTree = "<group>"; };
		E09F09C628EE266500D07669 /* InputFormTitle.swift */ = {isa = PBXFileReference; lastKnownFileType = sourcecode.swift; path = InputFormTitle.swift; sourceTree = "<group>"; };
		E09F09C828EE3B4900D07669 /* UsefulButton.swift */ = {isa = PBXFileReference; lastKnownFileType = sourcecode.swift; path = UsefulButton.swift; sourceTree = "<group>"; };
		E09F09CA28EFEA8600D07669 /* EditItemPhotoArea.swift */ = {isa = PBXFileReference; lastKnownFileType = sourcecode.swift; path = EditItemPhotoArea.swift; sourceTree = "<group>"; };
		E09F09CD28F146DB00D07669 /* EditItemView.swift */ = {isa = PBXFileReference; lastKnownFileType = sourcecode.swift; path = EditItemView.swift; sourceTree = "<group>"; };
		E0A36451290A37A600B30A14 /* CustomArcShape.swift */ = {isa = PBXFileReference; lastKnownFileType = sourcecode.swift; path = CustomArcShape.swift; sourceTree = "<group>"; };
		E0A7DE4A290B9E09008C3F3F /* ShowItemPhoto.swift */ = {isa = PBXFileReference; lastKnownFileType = sourcecode.swift; path = ShowItemPhoto.swift; sourceTree = "<group>"; };
		E0A7DE4D290C289A008C3F3F /* CircleIcon.swift */ = {isa = PBXFileReference; lastKnownFileType = sourcecode.swift; path = CircleIcon.swift; sourceTree = "<group>"; };
		E0A7DE4F290DAB40008C3F3F /* BlurView.swift */ = {isa = PBXFileReference; lastKnownFileType = sourcecode.swift; path = BlurView.swift; sourceTree = "<group>"; };
		E0CB9DCA2913964F00D95C54 /* ViewExtension.swift */ = {isa = PBXFileReference; lastKnownFileType = sourcecode.swift; path = ViewExtension.swift; sourceTree = "<group>"; };
		E0CC79B528E761EA00CE0B19 /* UserModel.swift */ = {isa = PBXFileReference; lastKnownFileType = sourcecode.swift; path = UserModel.swift; sourceTree = "<group>"; };
		E0CC79B728E7811500CE0B19 /* ItemDetailData.swift */ = {isa = PBXFileReference; lastKnownFileType = sourcecode.swift; path = ItemDetailData.swift; sourceTree = "<group>"; };
		E0CF7EEB28DEEED700735142 /* LibraryListView.swift */ = {isa = PBXFileReference; lastKnownFileType = sourcecode.swift; path = LibraryListView.swift; sourceTree = "<group>"; };
		E0CF7EEF28DF152D00735142 /* ItemModel.swift */ = {isa = PBXFileReference; lastKnownFileType = sourcecode.swift; path = ItemModel.swift; sourceTree = "<group>"; };
		E0CF7EF128DF166700735142 /* ItemViewModel.swift */ = {isa = PBXFileReference; lastKnownFileType = sourcecode.swift; path = ItemViewModel.swift; sourceTree = "<group>"; };
		E0CF7EF328DF385800735142 /* ItemCards.swift */ = {isa = PBXFileReference; lastKnownFileType = sourcecode.swift; path = ItemCards.swift; sourceTree = "<group>"; };
		E0CF7EF528DF6E6F00735142 /* AccountIconView.swift */ = {isa = PBXFileReference; lastKnownFileType = sourcecode.swift; path = AccountIconView.swift; sourceTree = "<group>"; };
		E0CF7EF728DF7BFA00735142 /* SystemListView.swift */ = {isa = PBXFileReference; lastKnownFileType = sourcecode.swift; path = SystemListView.swift; sourceTree = "<group>"; };
		E0DE98D528E2D85E00471AB4 /* LogInCheckView.swift */ = {isa = PBXFileReference; lastKnownFileType = sourcecode.swift; path = LogInCheckView.swift; sourceTree = "<group>"; };
		E0DE98D728E2DBB800471AB4 /* LogInViewModel.swift */ = {isa = PBXFileReference; lastKnownFileType = sourcecode.swift; path = LogInViewModel.swift; sourceTree = "<group>"; };
		E0DEF2E9291A99280088A9FC /* GoogleService-Info.plist */ = {isa = PBXFileReference; fileEncoding = 4; lastKnownFileType = text.plist.xml; path = "GoogleService-Info.plist"; sourceTree = "<group>"; };
		E0F78FC32919F06D00A95CD1 /* DateFormatterExtension.swift */ = {isa = PBXFileReference; lastKnownFileType = sourcecode.swift; path = DateFormatterExtension.swift; sourceTree = "<group>"; };
/* End PBXFileReference section */

/* Begin PBXFrameworksBuildPhase section */
		E08F271E28DDA08E00329C5E /* Frameworks */ = {
			isa = PBXFrameworksBuildPhase;
			buildActionMask = 2147483647;
			files = (
				E01AA3A129167F02000FCD37 /* ResizableSheet in Frameworks */,
				E099CD2D291B395E00057543 /* FirebaseAuth in Frameworks */,
				E099CD2F291B395E00057543 /* FirebaseFirestore in Frameworks */,
				E099CD33291B395E00057543 /* FirebaseStorage in Frameworks */,
				E099CD31291B395E00057543 /* FirebaseFirestoreSwift in Frameworks */,
			);
			runOnlyForDeploymentPostprocessing = 0;
		};
/* End PBXFrameworksBuildPhase section */

/* Begin PBXGroup section */
		E02FB03F291671B900F72E1A /* Recovered References */ = {
			isa = PBXGroup;
			children = (
			);
			name = "Recovered References";
			sourceTree = "<group>";
		};
		E05FE94328F71BE400263F98 /* Extensions */ = {
			isa = PBXGroup;
			children = (
				E05FE94428F71BFB00263F98 /* ColorExtension.swift */,
				E0CB9DCA2913964F00D95C54 /* ViewExtension.swift */,
				E0F78FC32919F06D00A95CD1 /* DateFormatterExtension.swift */,
				E01AA3A8291780DD000FCD37 /* UIImageExtension.swift */,
				E01AA3AA291780ED000FCD37 /* StringExtension.swift */,
				E01AA3AC2917AD4C000FCD37 /* ViewExtension.swift */,
			);
			path = Extensions;
			sourceTree = "<group>";
		};
		E0796AD828F48D530094E50C /* RootViews */ = {
			isa = PBXGroup;
			children = (
				E05130E128F341610092FE46 /* RootView.swift */,
				E08F273D28DDB65F00329C5E /* HomeTabView.swift */,
				E0A7DE4F290DAB40008C3F3F /* BlurView.swift */,
				E09F09C828EE3B4900D07669 /* UsefulButton.swift */,
				E01E138F291D168B0001F2DA /* SystemSideMenu.swift */,
			);
			path = RootViews;
			sourceTree = "<group>";
		};
		E08F271828DDA08E00329C5E = {
			isa = PBXGroup;
			children = (
				E08F272328DDA08E00329C5E /* Artwork_Management */,
				E08F272228DDA08E00329C5E /* Products */,
				E02FB03F291671B900F72E1A /* Recovered References */,
			);
			sourceTree = "<group>";
		};
		E08F272228DDA08E00329C5E /* Products */ = {
			isa = PBXGroup;
			children = (
				E08F272128DDA08E00329C5E /* Artwork_Management.app */,
			);
			name = Products;
			sourceTree = "<group>";
		};
		E08F272328DDA08E00329C5E /* Artwork_Management */ = {
			isa = PBXGroup;
			children = (
				E08F272428DDA08E00329C5E /* Artwork_ManagementApp.swift */,
				E0DEF2E9291A99280088A9FC /* GoogleService-Info.plist */,
				E08F273228DDB3B200329C5E /* Views */,
				E08F273328DDB3C400329C5E /* ViewModels */,
				E08F273428DDB3CA00329C5E /* Models */,
				E08F272828DDA09000329C5E /* Assets.xcassets */,
				E08F272A28DDA09000329C5E /* Preview Content */,
			);
			path = Artwork_Management;
			sourceTree = "<group>";
		};
		E08F272A28DDA09000329C5E /* Preview Content */ = {
			isa = PBXGroup;
			children = (
				E08F272B28DDA09000329C5E /* Preview Assets.xcassets */,
			);
			path = "Preview Content";
			sourceTree = "<group>";
		};
		E08F273228DDB3B200329C5E /* Views */ = {
			isa = PBXGroup;
			children = (
				E05FE94328F71BE400263F98 /* Extensions */,
				E0796AD828F48D530094E50C /* RootViews */,
				E0A7DE4C290C2811008C3F3F /* PhotoViews */,
				E094F0FE28E20BB800D3C845 /* LogInViews */,
				E09F09BA28EAF2DD00D07669 /* EditItemViews */,
				E08F273F28DEAD1100329C5E /* Tab1_Librarys */,
				E08F274028DEAD3B00329C5E /* Tab2_Inventrys */,
				E08F274128DEAD4D00329C5E /* Tab3_Manages */,
				E08F274228DEAD5900329C5E /* Tab4_Accounts */,
			);
			path = Views;
			sourceTree = "<group>";
		};
		E08F273328DDB3C400329C5E /* ViewModels */ = {
			isa = PBXGroup;
			children = (
				E0DE98D728E2DBB800471AB4 /* LogInViewModel.swift */,
				E01AA3A629177A76000FCD37 /* UserViewModel.swift */,
				E0CF7EF128DF166700735142 /* ItemViewModel.swift */,
				E0796AD628F485850094E50C /* ButtonViewModel.swift */,
			);
			path = ViewModels;
			sourceTree = "<group>";
		};
		E08F273428DDB3CA00329C5E /* Models */ = {
			isa = PBXGroup;
			children = (
				E0CC79B528E761EA00CE0B19 /* UserModel.swift */,
				E0CF7EEF28DF152D00735142 /* ItemModel.swift */,
				E01AA3A22916C674000FCD37 /* TagModel.swift */,
				E0796AD428F4850D0094E50C /* ButtonModel.swift */,
			);
			path = Models;
			sourceTree = "<group>";
		};
		E08F273F28DEAD1100329C5E /* Tab1_Librarys */ = {
			isa = PBXGroup;
			children = (
				E08F273B28DDB61A00329C5E /* LibraryView.swift */,
				E0CF7EEB28DEEED700735142 /* LibraryListView.swift */,
				E0A36451290A37A600B30A14 /* CustomArcShape.swift */,
			);
			path = Tab1_Librarys;
			sourceTree = "<group>";
		};
		E08F274028DEAD3B00329C5E /* Tab2_Inventrys */ = {
			isa = PBXGroup;
			children = (
				E08F273528DDB48100329C5E /* StockView.swift */,
				E0CF7EF328DF385800735142 /* ItemCards.swift */,
				E0796AD228F46CC90094E50C /* ItemCardRow.swift */,
				E0796ADC28F5F2830094E50C /* CartItemsSheet.swift */,
				E0796AE228F6D77A0094E50C /* CommerceSheet.swift */,
				E0003D0228FD3BB0007308B0 /* TagTitle.swift */,
			);
			path = Tab2_Inventrys;
			sourceTree = "<group>";
		};
		E08F274128DEAD4D00329C5E /* Tab3_Manages */ = {
			isa = PBXGroup;
			children = (
				E08F273728DDB51600329C5E /* ManageView.swift */,
				E04ACF4228E73C660054A6C4 /* IndicatorRow.swift */,
			);
			path = Tab3_Manages;
			sourceTree = "<group>";
		};
		E08F274228DEAD5900329C5E /* Tab4_Accounts */ = {
			isa = PBXGroup;
			children = (
				E08F273928DDB53700329C5E /* SystemView.swift */,
				E0CF7EF728DF7BFA00735142 /* SystemListView.swift */,
				E0CF7EF528DF6E6F00735142 /* AccountIconView.swift */,
			);
			path = Tab4_Accounts;
			sourceTree = "<group>";
		};
		E094F0FE28E20BB800D3C845 /* LogInViews */ = {
			isa = PBXGroup;
			children = (
				E094F0FF28E20F1000D3C845 /* LogInView.swift */,
				E094F10128E21EBA00D3C845 /* FirstSignInView.swift */,
				E0DE98D528E2D85E00471AB4 /* LogInCheckView.swift */,
			);
			path = LogInViews;
			sourceTree = "<group>";
		};
		E09F09BA28EAF2DD00D07669 /* EditItemViews */ = {
			isa = PBXGroup;
			children = (
				E09F09CD28F146DB00D07669 /* EditItemView.swift */,
				E09F09C428ED5DEA00D07669 /* SideMenuEditTagView.swift */,
				E04ACF4028E6DD600054A6C4 /* ShowsItemDetail.swift */,
				E0CC79B728E7811500CE0B19 /* ItemDetailData.swift */,
				E09F09CA28EFEA8600D07669 /* EditItemPhotoArea.swift */,
				E09F09C628EE266500D07669 /* InputFormTitle.swift */,
				E09F09BB28EAF33500D07669 /* FocusedLineRow.swift */,
			);
			path = EditItemViews;
			sourceTree = "<group>";
		};
		E0A7DE4C290C2811008C3F3F /* PhotoViews */ = {
			isa = PBXGroup;
			children = (
				E0A7DE4A290B9E09008C3F3F /* ShowItemPhoto.swift */,
				E0A7DE4D290C289A008C3F3F /* CircleIcon.swift */,
				E01AA3A429176FE7000FCD37 /* PHPickerView.swift */,
			);
			path = PhotoViews;
			sourceTree = "<group>";
		};
/* End PBXGroup section */

/* Begin PBXNativeTarget section */
		E08F272028DDA08E00329C5E /* Artwork_Management */ = {
			isa = PBXNativeTarget;
			buildConfigurationList = E08F272F28DDA09000329C5E /* Build configuration list for PBXNativeTarget "Artwork_Management" */;
			buildPhases = (
				E08F271D28DDA08E00329C5E /* Sources */,
				E08F271E28DDA08E00329C5E /* Frameworks */,
				E08F271F28DDA08E00329C5E /* Resources */,
				E0CCE4D528EA02650019024F /* ShellScript */,
			);
			buildRules = (
			);
			dependencies = (
			);
			name = Artwork_Management;
			packageProductDependencies = (
				E01AA3A029167F02000FCD37 /* ResizableSheet */,
				E099CD2C291B395E00057543 /* FirebaseAuth */,
				E099CD2E291B395E00057543 /* FirebaseFirestore */,
				E099CD30291B395E00057543 /* FirebaseFirestoreSwift */,
				E099CD32291B395E00057543 /* FirebaseStorage */,
			);
			productName = Artwork_Management;
			productReference = E08F272128DDA08E00329C5E /* Artwork_Management.app */;
			productType = "com.apple.product-type.application";
		};
/* End PBXNativeTarget section */

/* Begin PBXProject section */
		E08F271928DDA08E00329C5E /* Project object */ = {
			isa = PBXProject;
			attributes = {
				BuildIndependentTargetsInParallel = 1;
				LastSwiftUpdateCheck = 1400;
				LastUpgradeCheck = 1400;
				TargetAttributes = {
					E08F272028DDA08E00329C5E = {
						CreatedOnToolsVersion = 14.0;
					};
				};
			};
			buildConfigurationList = E08F271C28DDA08E00329C5E /* Build configuration list for PBXProject "Artwork_Management" */;
			compatibilityVersion = "Xcode 14.0";
			developmentRegion = en;
			hasScannedForEncodings = 0;
			knownRegions = (
				en,
				Base,
			);
			mainGroup = E08F271828DDA08E00329C5E;
			packageReferences = (
				E01AA39F29167F02000FCD37 /* XCRemoteSwiftPackageReference "ResizableSheet" */,
				E099CD2B291B395E00057543 /* XCRemoteSwiftPackageReference "firebase-ios-sdk" */,
			);
			productRefGroup = E08F272228DDA08E00329C5E /* Products */;
			projectDirPath = "";
			projectRoot = "";
			targets = (
				E08F272028DDA08E00329C5E /* Artwork_Management */,
			);
		};
/* End PBXProject section */

/* Begin PBXResourcesBuildPhase section */
		E08F271F28DDA08E00329C5E /* Resources */ = {
			isa = PBXResourcesBuildPhase;
			buildActionMask = 2147483647;
			files = (
				E08F272C28DDA09000329C5E /* Preview Assets.xcassets in Resources */,
				E0DEF2EA291A99280088A9FC /* GoogleService-Info.plist in Resources */,
				E08F272928DDA09000329C5E /* Assets.xcassets in Resources */,
			);
			runOnlyForDeploymentPostprocessing = 0;
		};
/* End PBXResourcesBuildPhase section */

/* Begin PBXShellScriptBuildPhase section */
		E0CCE4D528EA02650019024F /* ShellScript */ = {
			isa = PBXShellScriptBuildPhase;
			alwaysOutOfDate = 1;
			buildActionMask = 2147483647;
			files = (
			);
			inputFileListPaths = (
			);
			inputPaths = (
			);
			outputFileListPaths = (
			);
			outputPaths = (
			);
			runOnlyForDeploymentPostprocessing = 0;
			shellPath = /bin/sh;
			shellScript = "# Type a script or drag a script file from your workspace to insert its path.\nexport PATH=“$PATH:/opt/homebrew/bin”\n\nif which swiftlint; then\n    swiftlint\nelse\n  echo “warning: SwiftLint not installed, download from https://github.com/realm/SwiftLint”\nfi\n";
		};
/* End PBXShellScriptBuildPhase section */

/* Begin PBXSourcesBuildPhase section */
		E08F271D28DDA08E00329C5E /* Sources */ = {
			isa = PBXSourcesBuildPhase;
			buildActionMask = 2147483647;
			files = (
				E09F09C728EE266600D07669 /* InputFormTitle.swift in Sources */,
				E0CF7EF828DF7BFA00735142 /* SystemListView.swift in Sources */,
				E04ACF4128E6DD600054A6C4 /* ShowsItemDetail.swift in Sources */,
				E01AA3A32916C674000FCD37 /* TagModel.swift in Sources */,
				E08F273C28DDB61A00329C5E /* LibraryView.swift in Sources */,
				E01AA3A9291780DD000FCD37 /* UIImageExtension.swift in Sources */,
				E08F273828DDB51600329C5E /* ManageView.swift in Sources */,
				E01AA3A529176FE7000FCD37 /* PHPickerView.swift in Sources */,
				E01AA3AB291780ED000FCD37 /* StringExtension.swift in Sources */,
				E0796AD728F485850094E50C /* ButtonViewModel.swift in Sources */,
				E04ACF4328E73C660054A6C4 /* IndicatorRow.swift in Sources */,
				E09F09BC28EAF33500D07669 /* FocusedLineRow.swift in Sources */,
				E09F09CB28EFEA8700D07669 /* EditItemPhotoArea.swift in Sources */,
				E0796AD328F46CC90094E50C /* ItemCardRow.swift in Sources */,
				E08F273628DDB48100329C5E /* StockView.swift in Sources */,
				E094F10228E21EBA00D3C845 /* FirstSignInView.swift in Sources */,
				E0CF7EF228DF166700735142 /* ItemViewModel.swift in Sources */,
				E0CF7EF028DF152D00735142 /* ItemModel.swift in Sources */,
				E0CB9DCB2913964F00D95C54 /* ViewExtension.swift in Sources */,
				E0A7DE4E290C289A008C3F3F /* CircleIcon.swift in Sources */,
				E0796AE328F6D77A0094E50C /* CommerceSheet.swift in Sources */,
				E0A7DE4B290B9E0A008C3F3F /* ShowItemPhoto.swift in Sources */,
				E08F273E28DDB65F00329C5E /* HomeTabView.swift in Sources */,
				E05130E228F341620092FE46 /* RootView.swift in Sources */,
				E08F272528DDA08E00329C5E /* Artwork_ManagementApp.swift in Sources */,
				E0F78FC42919F06D00A95CD1 /* DateFormatterExtension.swift in Sources */,
				E09F09C528ED5DEA00D07669 /* SideMenuEditTagView.swift in Sources */,
				E0796ADD28F5F2830094E50C /* CartItemsSheet.swift in Sources */,
				E094F10028E20F1000D3C845 /* LogInView.swift in Sources */,
				E0003D0328FD3BB0007308B0 /* TagTitle.swift in Sources */,
				E01E1390291D168B0001F2DA /* SystemSideMenu.swift in Sources */,
				E0CF7EF428DF385800735142 /* ItemCards.swift in Sources */,
				E05FE94528F71BFB00263F98 /* ColorExtension.swift in Sources */,
				E0796AD528F4850D0094E50C /* ButtonModel.swift in Sources */,
				E08F273A28DDB53700329C5E /* SystemView.swift in Sources */,
				E0CC79B628E761EA00CE0B19 /* UserModel.swift in Sources */,
				E0A36452290A37A600B30A14 /* CustomArcShape.swift in Sources */,
				E01AA3A729177A76000FCD37 /* UserViewModel.swift in Sources */,
				E0CF7EF628DF6E6F00735142 /* AccountIconView.swift in Sources */,
				E09F09CE28F146DB00D07669 /* EditItemView.swift in Sources */,
				E0CF7EEC28DEEED700735142 /* LibraryListView.swift in Sources */,
				E0A7DE50290DAB40008C3F3F /* BlurView.swift in Sources */,
				E0DE98D828E2DBB800471AB4 /* LogInViewModel.swift in Sources */,
				E0CC79B828E7811500CE0B19 /* ItemDetailData.swift in Sources */,
				E09F09C928EE3B4900D07669 /* UsefulButton.swift in Sources */,
			);
			runOnlyForDeploymentPostprocessing = 0;
		};
/* End PBXSourcesBuildPhase section */

/* Begin XCBuildConfiguration section */
		E08F272D28DDA09000329C5E /* Debug */ = {
			isa = XCBuildConfiguration;
			buildSettings = {
				ALWAYS_SEARCH_USER_PATHS = NO;
				CLANG_ANALYZER_NONNULL = YES;
				CLANG_ANALYZER_NUMBER_OBJECT_CONVERSION = YES_AGGRESSIVE;
				CLANG_CXX_LANGUAGE_STANDARD = "gnu++20";
				CLANG_ENABLE_MODULES = YES;
				CLANG_ENABLE_OBJC_ARC = YES;
				CLANG_ENABLE_OBJC_WEAK = YES;
				CLANG_WARN_BLOCK_CAPTURE_AUTORELEASING = YES;
				CLANG_WARN_BOOL_CONVERSION = YES;
				CLANG_WARN_COMMA = YES;
				CLANG_WARN_CONSTANT_CONVERSION = YES;
				CLANG_WARN_DEPRECATED_OBJC_IMPLEMENTATIONS = YES;
				CLANG_WARN_DIRECT_OBJC_ISA_USAGE = YES_ERROR;
				CLANG_WARN_DOCUMENTATION_COMMENTS = YES;
				CLANG_WARN_EMPTY_BODY = YES;
				CLANG_WARN_ENUM_CONVERSION = YES;
				CLANG_WARN_INFINITE_RECURSION = YES;
				CLANG_WARN_INT_CONVERSION = YES;
				CLANG_WARN_NON_LITERAL_NULL_CONVERSION = YES;
				CLANG_WARN_OBJC_IMPLICIT_RETAIN_SELF = YES;
				CLANG_WARN_OBJC_LITERAL_CONVERSION = YES;
				CLANG_WARN_OBJC_ROOT_CLASS = YES_ERROR;
				CLANG_WARN_QUOTED_INCLUDE_IN_FRAMEWORK_HEADER = YES;
				CLANG_WARN_RANGE_LOOP_ANALYSIS = YES;
				CLANG_WARN_STRICT_PROTOTYPES = YES;
				CLANG_WARN_SUSPICIOUS_MOVE = YES;
				CLANG_WARN_UNGUARDED_AVAILABILITY = YES_AGGRESSIVE;
				CLANG_WARN_UNREACHABLE_CODE = YES;
				CLANG_WARN__DUPLICATE_METHOD_MATCH = YES;
				COPY_PHASE_STRIP = NO;
				DEBUG_INFORMATION_FORMAT = dwarf;
				ENABLE_STRICT_OBJC_MSGSEND = YES;
				ENABLE_TESTABILITY = YES;
				GCC_C_LANGUAGE_STANDARD = gnu11;
				GCC_DYNAMIC_NO_PIC = NO;
				GCC_NO_COMMON_BLOCKS = YES;
				GCC_OPTIMIZATION_LEVEL = 0;
				GCC_PREPROCESSOR_DEFINITIONS = (
					"DEBUG=1",
					"$(inherited)",
				);
				GCC_WARN_64_TO_32_BIT_CONVERSION = YES;
				GCC_WARN_ABOUT_RETURN_TYPE = YES_ERROR;
				GCC_WARN_UNDECLARED_SELECTOR = YES;
				GCC_WARN_UNINITIALIZED_AUTOS = YES_AGGRESSIVE;
				GCC_WARN_UNUSED_FUNCTION = YES;
				GCC_WARN_UNUSED_VARIABLE = YES;
				IPHONEOS_DEPLOYMENT_TARGET = 16.0;
				MTL_ENABLE_DEBUG_INFO = INCLUDE_SOURCE;
				MTL_FAST_MATH = YES;
				ONLY_ACTIVE_ARCH = YES;
				SDKROOT = iphoneos;
				SWIFT_ACTIVE_COMPILATION_CONDITIONS = DEBUG;
				SWIFT_OPTIMIZATION_LEVEL = "-Onone";
			};
			name = Debug;
		};
		E08F272E28DDA09000329C5E /* Release */ = {
			isa = XCBuildConfiguration;
			buildSettings = {
				ALWAYS_SEARCH_USER_PATHS = NO;
				CLANG_ANALYZER_NONNULL = YES;
				CLANG_ANALYZER_NUMBER_OBJECT_CONVERSION = YES_AGGRESSIVE;
				CLANG_CXX_LANGUAGE_STANDARD = "gnu++20";
				CLANG_ENABLE_MODULES = YES;
				CLANG_ENABLE_OBJC_ARC = YES;
				CLANG_ENABLE_OBJC_WEAK = YES;
				CLANG_WARN_BLOCK_CAPTURE_AUTORELEASING = YES;
				CLANG_WARN_BOOL_CONVERSION = YES;
				CLANG_WARN_COMMA = YES;
				CLANG_WARN_CONSTANT_CONVERSION = YES;
				CLANG_WARN_DEPRECATED_OBJC_IMPLEMENTATIONS = YES;
				CLANG_WARN_DIRECT_OBJC_ISA_USAGE = YES_ERROR;
				CLANG_WARN_DOCUMENTATION_COMMENTS = YES;
				CLANG_WARN_EMPTY_BODY = YES;
				CLANG_WARN_ENUM_CONVERSION = YES;
				CLANG_WARN_INFINITE_RECURSION = YES;
				CLANG_WARN_INT_CONVERSION = YES;
				CLANG_WARN_NON_LITERAL_NULL_CONVERSION = YES;
				CLANG_WARN_OBJC_IMPLICIT_RETAIN_SELF = YES;
				CLANG_WARN_OBJC_LITERAL_CONVERSION = YES;
				CLANG_WARN_OBJC_ROOT_CLASS = YES_ERROR;
				CLANG_WARN_QUOTED_INCLUDE_IN_FRAMEWORK_HEADER = YES;
				CLANG_WARN_RANGE_LOOP_ANALYSIS = YES;
				CLANG_WARN_STRICT_PROTOTYPES = YES;
				CLANG_WARN_SUSPICIOUS_MOVE = YES;
				CLANG_WARN_UNGUARDED_AVAILABILITY = YES_AGGRESSIVE;
				CLANG_WARN_UNREACHABLE_CODE = YES;
				CLANG_WARN__DUPLICATE_METHOD_MATCH = YES;
				COPY_PHASE_STRIP = NO;
				DEBUG_INFORMATION_FORMAT = "dwarf-with-dsym";
				ENABLE_NS_ASSERTIONS = NO;
				ENABLE_STRICT_OBJC_MSGSEND = YES;
				GCC_C_LANGUAGE_STANDARD = gnu11;
				GCC_NO_COMMON_BLOCKS = YES;
				GCC_WARN_64_TO_32_BIT_CONVERSION = YES;
				GCC_WARN_ABOUT_RETURN_TYPE = YES_ERROR;
				GCC_WARN_UNDECLARED_SELECTOR = YES;
				GCC_WARN_UNINITIALIZED_AUTOS = YES_AGGRESSIVE;
				GCC_WARN_UNUSED_FUNCTION = YES;
				GCC_WARN_UNUSED_VARIABLE = YES;
				IPHONEOS_DEPLOYMENT_TARGET = 16.0;
				MTL_ENABLE_DEBUG_INFO = NO;
				MTL_FAST_MATH = YES;
				SDKROOT = iphoneos;
				SWIFT_COMPILATION_MODE = wholemodule;
				SWIFT_OPTIMIZATION_LEVEL = "-O";
				VALIDATE_PRODUCT = YES;
			};
			name = Release;
		};
		E08F273028DDA09000329C5E /* Debug */ = {
			isa = XCBuildConfiguration;
			buildSettings = {
				ASSETCATALOG_COMPILER_APPICON_NAME = AppIcon;
				ASSETCATALOG_COMPILER_GLOBAL_ACCENT_COLOR_NAME = AccentColor;
				CODE_SIGN_IDENTITY = "Apple Development";
				CODE_SIGN_STYLE = Automatic;
				CURRENT_PROJECT_VERSION = 1;
				DEVELOPMENT_ASSET_PATHS = "\"Artwork_Management/Preview Content\"";
				DEVELOPMENT_TEAM = 75C8G6TM49;
				ENABLE_PREVIEWS = YES;
				GENERATE_INFOPLIST_FILE = YES;
				INFOPLIST_KEY_UIApplicationSceneManifest_Generation = YES;
				INFOPLIST_KEY_UIApplicationSupportsIndirectInputEvents = YES;
				INFOPLIST_KEY_UILaunchScreen_Generation = YES;
				INFOPLIST_KEY_UISupportedInterfaceOrientations = UIInterfaceOrientationPortrait;
				INFOPLIST_KEY_UISupportedInterfaceOrientations_iPad = "UIInterfaceOrientationLandscapeLeft UIInterfaceOrientationLandscapeRight UIInterfaceOrientationPortrait UIInterfaceOrientationPortraitUpsideDown";
				LD_RUNPATH_SEARCH_PATHS = (
					"$(inherited)",
					"@executable_path/Frameworks",
				);
				MARKETING_VERSION = 1.0;
				PRODUCT_BUNDLE_IDENTIFIER = "com.-gmail.kennsuke242424ios.Artwork-Management";
				PRODUCT_NAME = "$(TARGET_NAME)";
				PROVISIONING_PROFILE_SPECIFIER = "";
				SWIFT_EMIT_LOC_STRINGS = YES;
				SWIFT_VERSION = 5.0;
				TARGETED_DEVICE_FAMILY = "1,2";
			};
			name = Debug;
		};
		E08F273128DDA09000329C5E /* Release */ = {
			isa = XCBuildConfiguration;
			buildSettings = {
				ASSETCATALOG_COMPILER_APPICON_NAME = AppIcon;
				ASSETCATALOG_COMPILER_GLOBAL_ACCENT_COLOR_NAME = AccentColor;
				CODE_SIGN_IDENTITY = "Apple Development";
				CODE_SIGN_STYLE = Automatic;
				CURRENT_PROJECT_VERSION = 1;
				DEVELOPMENT_ASSET_PATHS = "\"Artwork_Management/Preview Content\"";
				DEVELOPMENT_TEAM = 75C8G6TM49;
				ENABLE_PREVIEWS = YES;
				GENERATE_INFOPLIST_FILE = YES;
				INFOPLIST_KEY_UIApplicationSceneManifest_Generation = YES;
				INFOPLIST_KEY_UIApplicationSupportsIndirectInputEvents = YES;
				INFOPLIST_KEY_UILaunchScreen_Generation = YES;
				INFOPLIST_KEY_UISupportedInterfaceOrientations = UIInterfaceOrientationPortrait;
				INFOPLIST_KEY_UISupportedInterfaceOrientations_iPad = "UIInterfaceOrientationLandscapeLeft UIInterfaceOrientationLandscapeRight UIInterfaceOrientationPortrait UIInterfaceOrientationPortraitUpsideDown";
				LD_RUNPATH_SEARCH_PATHS = (
					"$(inherited)",
					"@executable_path/Frameworks",
				);
				MARKETING_VERSION = 1.0;
				PRODUCT_BUNDLE_IDENTIFIER = "com.-gmail.kennsuke242424ios.Artwork-Management";
				PRODUCT_NAME = "$(TARGET_NAME)";
				PROVISIONING_PROFILE_SPECIFIER = "";
				SWIFT_EMIT_LOC_STRINGS = YES;
				SWIFT_VERSION = 5.0;
				TARGETED_DEVICE_FAMILY = "1,2";
			};
			name = Release;
		};
/* End XCBuildConfiguration section */

/* Begin XCConfigurationList section */
		E08F271C28DDA08E00329C5E /* Build configuration list for PBXProject "Artwork_Management" */ = {
			isa = XCConfigurationList;
			buildConfigurations = (
				E08F272D28DDA09000329C5E /* Debug */,
				E08F272E28DDA09000329C5E /* Release */,
			);
			defaultConfigurationIsVisible = 0;
			defaultConfigurationName = Release;
		};
		E08F272F28DDA09000329C5E /* Build configuration list for PBXNativeTarget "Artwork_Management" */ = {
			isa = XCConfigurationList;
			buildConfigurations = (
				E08F273028DDA09000329C5E /* Debug */,
				E08F273128DDA09000329C5E /* Release */,
			);
			defaultConfigurationIsVisible = 0;
			defaultConfigurationName = Release;
		};
/* End XCConfigurationList section */

/* Begin XCRemoteSwiftPackageReference section */
		E01AA39F29167F02000FCD37 /* XCRemoteSwiftPackageReference "ResizableSheet" */ = {
			isa = XCRemoteSwiftPackageReference;
			repositoryURL = "https://github.com/mtj0928/ResizableSheet.git";
			requirement = {
				branch = main;
				kind = branch;
			};
		};
		E099CD2B291B395E00057543 /* XCRemoteSwiftPackageReference "firebase-ios-sdk" */ = {
			isa = XCRemoteSwiftPackageReference;
			repositoryURL = "https://github.com/firebase/firebase-ios-sdk.git";
			requirement = {
				kind = upToNextMajorVersion;
				minimumVersion = 9.0.0;
			};
		};
/* End XCRemoteSwiftPackageReference section */

/* Begin XCSwiftPackageProductDependency section */
		E01AA3A029167F02000FCD37 /* ResizableSheet */ = {
			isa = XCSwiftPackageProductDependency;
			package = E01AA39F29167F02000FCD37 /* XCRemoteSwiftPackageReference "ResizableSheet" */;
			productName = ResizableSheet;
		};
		E099CD2C291B395E00057543 /* FirebaseAuth */ = {
			isa = XCSwiftPackageProductDependency;
			package = E099CD2B291B395E00057543 /* XCRemoteSwiftPackageReference "firebase-ios-sdk" */;
			productName = FirebaseAuth;
		};
		E099CD2E291B395E00057543 /* FirebaseFirestore */ = {
			isa = XCSwiftPackageProductDependency;
			package = E099CD2B291B395E00057543 /* XCRemoteSwiftPackageReference "firebase-ios-sdk" */;
			productName = FirebaseFirestore;
		};
		E099CD30291B395E00057543 /* FirebaseFirestoreSwift */ = {
			isa = XCSwiftPackageProductDependency;
			package = E099CD2B291B395E00057543 /* XCRemoteSwiftPackageReference "firebase-ios-sdk" */;
			productName = FirebaseFirestoreSwift;
		};
		E099CD32291B395E00057543 /* FirebaseStorage */ = {
			isa = XCSwiftPackageProductDependency;
			package = E099CD2B291B395E00057543 /* XCRemoteSwiftPackageReference "firebase-ios-sdk" */;
			productName = FirebaseStorage;
		};
/* End XCSwiftPackageProductDependency section */
	};
	rootObject = E08F271928DDA08E00329C5E /* Project object */;
}
