// !$*UTF8*$!
{
	archiveVersion = 1;
	classes = {
	};
	objectVersion = 56;
	objects = {

/* Begin PBXBuildFile section */
		E08F272528DDA08E00329C5E /* Artwork_ManagementApp.swift in Sources */ = {isa = PBXBuildFile; fileRef = E08F272428DDA08E00329C5E /* Artwork_ManagementApp.swift */; };
		E08F272928DDA09000329C5E /* Assets.xcassets in Resources */ = {isa = PBXBuildFile; fileRef = E08F272828DDA09000329C5E /* Assets.xcassets */; };
		E08F272C28DDA09000329C5E /* Preview Assets.xcassets in Resources */ = {isa = PBXBuildFile; fileRef = E08F272B28DDA09000329C5E /* Preview Assets.xcassets */; };
		E08F273628DDB48100329C5E /* ItemStockView.swift in Sources */ = {isa = PBXBuildFile; fileRef = E08F273528DDB48100329C5E /* ItemStockView.swift */; };
		E08F273828DDB51600329C5E /* SalesView.swift in Sources */ = {isa = PBXBuildFile; fileRef = E08F273728DDB51600329C5E /* SalesView.swift */; };
		E08F273A28DDB53700329C5E /* AccountView.swift in Sources */ = {isa = PBXBuildFile; fileRef = E08F273928DDB53700329C5E /* AccountView.swift */; };
		E08F273C28DDB61A00329C5E /* LibraryView.swift in Sources */ = {isa = PBXBuildFile; fileRef = E08F273B28DDB61A00329C5E /* LibraryView.swift */; };
		E08F273E28DDB65F00329C5E /* HomeView.swift in Sources */ = {isa = PBXBuildFile; fileRef = E08F273D28DDB65F00329C5E /* HomeView.swift */; };
/* End PBXBuildFile section */

/* Begin PBXFileReference section */
		E08F272128DDA08E00329C5E /* Artwork_Management.app */ = {isa = PBXFileReference; explicitFileType = wrapper.application; includeInIndex = 0; path = Artwork_Management.app; sourceTree = BUILT_PRODUCTS_DIR; };
		E08F272428DDA08E00329C5E /* Artwork_ManagementApp.swift */ = {isa = PBXFileReference; lastKnownFileType = sourcecode.swift; path = Artwork_ManagementApp.swift; sourceTree = "<group>"; };
		E08F272828DDA09000329C5E /* Assets.xcassets */ = {isa = PBXFileReference; lastKnownFileType = folder.assetcatalog; path = Assets.xcassets; sourceTree = "<group>"; };
		E08F272B28DDA09000329C5E /* Preview Assets.xcassets */ = {isa = PBXFileReference; lastKnownFileType = folder.assetcatalog; path = "Preview Assets.xcassets"; sourceTree = "<group>"; };
		E08F273528DDB48100329C5E /* ItemStockView.swift */ = {isa = PBXFileReference; lastKnownFileType = sourcecode.swift; path = ItemStockView.swift; sourceTree = "<group>"; };
		E08F273728DDB51600329C5E /* SalesView.swift */ = {isa = PBXFileReference; lastKnownFileType = sourcecode.swift; path = SalesView.swift; sourceTree = "<group>"; };
		E08F273928DDB53700329C5E /* AccountView.swift */ = {isa = PBXFileReference; lastKnownFileType = sourcecode.swift; path = AccountView.swift; sourceTree = "<group>"; };
		E08F273B28DDB61A00329C5E /* LibraryView.swift */ = {isa = PBXFileReference; lastKnownFileType = sourcecode.swift; path = LibraryView.swift; sourceTree = "<group>"; };
		E08F273D28DDB65F00329C5E /* HomeView.swift */ = {isa = PBXFileReference; lastKnownFileType = sourcecode.swift; path = HomeView.swift; sourceTree = "<group>"; };
/* End PBXFileReference section */

/* Begin PBXFrameworksBuildPhase section */
		E08F271E28DDA08E00329C5E /* Frameworks */ = {
			isa = PBXFrameworksBuildPhase;
			buildActionMask = 2147483647;
			files = (
			);
			runOnlyForDeploymentPostprocessing = 0;
		};
/* End PBXFrameworksBuildPhase section */

/* Begin PBXGroup section */
		E08F271828DDA08E00329C5E = {
			isa = PBXGroup;
			children = (
				E08F272328DDA08E00329C5E /* Artwork_Management */,
				E08F272228DDA08E00329C5E /* Products */,
			);
			sourceTree = "<group>";
		};
		E08F272228DDA08E00329C5E /* Products */ = {
			isa = PBXGroup;
			children = (
				E08F272128DDA08E00329C5E /* Artwork_Management.app */,
			);
			name = Products;
			sourceTree = "<group>";
		};
		E08F272328DDA08E00329C5E /* Artwork_Management */ = {
			isa = PBXGroup;
			children = (
				E08F272428DDA08E00329C5E /* Artwork_ManagementApp.swift */,
				E08F273228DDB3B200329C5E /* Views */,
				E08F273328DDB3C400329C5E /* ViewModels */,
				E08F273428DDB3CA00329C5E /* Models */,
				E08F272828DDA09000329C5E /* Assets.xcassets */,
				E08F272A28DDA09000329C5E /* Preview Content */,
			);
			path = Artwork_Management;
			sourceTree = "<group>";
		};
		E08F272A28DDA09000329C5E /* Preview Content */ = {
			isa = PBXGroup;
			children = (
				E08F272B28DDA09000329C5E /* Preview Assets.xcassets */,
			);
			path = "Preview Content";
			sourceTree = "<group>";
		};
		E08F273228DDB3B200329C5E /* Views */ = {
			isa = PBXGroup;
			children = (
				E08F273D28DDB65F00329C5E /* HomeView.swift */,
				E08F273F28DEAD1100329C5E /* Tab1_Librarys */,
				E08F274028DEAD3B00329C5E /* Tab2_Inventrys */,
				E08F274128DEAD4D00329C5E /* Tab3_Manages */,
				E08F274228DEAD5900329C5E /* Tab4_Accounts */,
			);
			path = Views;
			sourceTree = "<group>";
		};
		E08F273328DDB3C400329C5E /* ViewModels */ = {
			isa = PBXGroup;
			children = (
			);
			path = ViewModels;
			sourceTree = "<group>";
		};
		E08F273428DDB3CA00329C5E /* Models */ = {
			isa = PBXGroup;
			children = (
			);
			path = Models;
			sourceTree = "<group>";
		};
		E08F273F28DEAD1100329C5E /* Tab1_Librarys */ = {
			isa = PBXGroup;
			children = (
				E08F273B28DDB61A00329C5E /* LibraryView.swift */,
			);
			path = Tab1_Librarys;
			sourceTree = "<group>";
		};
		E08F274028DEAD3B00329C5E /* Tab2_Inventrys */ = {
			isa = PBXGroup;
			children = (
				E08F273528DDB48100329C5E /* ItemStockView.swift */,
			);
			path = Tab2_Inventrys;
			sourceTree = "<group>";
		};
		E08F274128DEAD4D00329C5E /* Tab3_Manages */ = {
			isa = PBXGroup;
			children = (
				E08F273728DDB51600329C5E /* SalesView.swift */,
			);
			path = Tab3_Manages;
			sourceTree = "<group>";
		};
		E08F274228DEAD5900329C5E /* Tab4_Accounts */ = {
			isa = PBXGroup;
			children = (
				E08F273928DDB53700329C5E /* AccountView.swift */,
			);
			path = Tab4_Accounts;
			sourceTree = "<group>";
		};
/* End PBXGroup section */

/* Begin PBXNativeTarget section */
		E08F272028DDA08E00329C5E /* Artwork_Management */ = {
			isa = PBXNativeTarget;
			buildConfigurationList = E08F272F28DDA09000329C5E /* Build configuration list for PBXNativeTarget "Artwork_Management" */;
			buildPhases = (
				E08F271D28DDA08E00329C5E /* Sources */,
				E08F271E28DDA08E00329C5E /* Frameworks */,
				E08F271F28DDA08E00329C5E /* Resources */,
			);
			buildRules = (
			);
			dependencies = (
			);
			name = Artwork_Management;
			productName = Artwork_Management;
			productReference = E08F272128DDA08E00329C5E /* Artwork_Management.app */;
			productType = "com.apple.product-type.application";
		};
/* End PBXNativeTarget section */

/* Begin PBXProject section */
		E08F271928DDA08E00329C5E /* Project object */ = {
			isa = PBXProject;
			attributes = {
				BuildIndependentTargetsInParallel = 1;
				LastSwiftUpdateCheck = 1400;
				LastUpgradeCheck = 1400;
				TargetAttributes = {
					E08F272028DDA08E00329C5E = {
						CreatedOnToolsVersion = 14.0;
					};
				};
			};
			buildConfigurationList = E08F271C28DDA08E00329C5E /* Build configuration list for PBXProject "Artwork_Management" */;
			compatibilityVersion = "Xcode 14.0";
			developmentRegion = en;
			hasScannedForEncodings = 0;
			knownRegions = (
				en,
				Base,
			);
			mainGroup = E08F271828DDA08E00329C5E;
			productRefGroup = E08F272228DDA08E00329C5E /* Products */;
			projectDirPath = "";
			projectRoot = "";
			targets = (
				E08F272028DDA08E00329C5E /* Artwork_Management */,
			);
		};
/* End PBXProject section */

/* Begin PBXResourcesBuildPhase section */
		E08F271F28DDA08E00329C5E /* Resources */ = {
			isa = PBXResourcesBuildPhase;
			buildActionMask = 2147483647;
			files = (
				E08F272C28DDA09000329C5E /* Preview Assets.xcassets in Resources */,
				E08F272928DDA09000329C5E /* Assets.xcassets in Resources */,
			);
			runOnlyForDeploymentPostprocessing = 0;
		};
/* End PBXResourcesBuildPhase section */

/* Begin PBXSourcesBuildPhase section */
		E08F271D28DDA08E00329C5E /* Sources */ = {
			isa = PBXSourcesBuildPhase;
			buildActionMask = 2147483647;
			files = (
				E08F273C28DDB61A00329C5E /* LibraryView.swift in Sources */,
				E08F273828DDB51600329C5E /* SalesView.swift in Sources */,
				E08F273628DDB48100329C5E /* ItemStockView.swift in Sources */,
				E08F273E28DDB65F00329C5E /* HomeView.swift in Sources */,
				E08F272528DDA08E00329C5E /* Artwork_ManagementApp.swift in Sources */,
				E08F273A28DDB53700329C5E /* AccountView.swift in Sources */,
			);
			runOnlyForDeploymentPostprocessing = 0;
		};
/* End PBXSourcesBuildPhase section */

/* Begin XCBuildConfiguration section */
		E08F272D28DDA09000329C5E /* Debug */ = {
			isa = XCBuildConfiguration;
			buildSettings = {
				ALWAYS_SEARCH_USER_PATHS = NO;
				CLANG_ANALYZER_NONNULL = YES;
				CLANG_ANALYZER_NUMBER_OBJECT_CONVERSION = YES_AGGRESSIVE;
				CLANG_CXX_LANGUAGE_STANDARD = "gnu++20";
				CLANG_ENABLE_MODULES = YES;
				CLANG_ENABLE_OBJC_ARC = YES;
				CLANG_ENABLE_OBJC_WEAK = YES;
				CLANG_WARN_BLOCK_CAPTURE_AUTORELEASING = YES;
				CLANG_WARN_BOOL_CONVERSION = YES;
				CLANG_WARN_COMMA = YES;
				CLANG_WARN_CONSTANT_CONVERSION = YES;
				CLANG_WARN_DEPRECATED_OBJC_IMPLEMENTATIONS = YES;
				CLANG_WARN_DIRECT_OBJC_ISA_USAGE = YES_ERROR;
				CLANG_WARN_DOCUMENTATION_COMMENTS = YES;
				CLANG_WARN_EMPTY_BODY = YES;
				CLANG_WARN_ENUM_CONVERSION = YES;
				CLANG_WARN_INFINITE_RECURSION = YES;
				CLANG_WARN_INT_CONVERSION = YES;
				CLANG_WARN_NON_LITERAL_NULL_CONVERSION = YES;
				CLANG_WARN_OBJC_IMPLICIT_RETAIN_SELF = YES;
				CLANG_WARN_OBJC_LITERAL_CONVERSION = YES;
				CLANG_WARN_OBJC_ROOT_CLASS = YES_ERROR;
				CLANG_WARN_QUOTED_INCLUDE_IN_FRAMEWORK_HEADER = YES;
				CLANG_WARN_RANGE_LOOP_ANALYSIS = YES;
				CLANG_WARN_STRICT_PROTOTYPES = YES;
				CLANG_WARN_SUSPICIOUS_MOVE = YES;
				CLANG_WARN_UNGUARDED_AVAILABILITY = YES_AGGRESSIVE;
				CLANG_WARN_UNREACHABLE_CODE = YES;
				CLANG_WARN__DUPLICATE_METHOD_MATCH = YES;
				COPY_PHASE_STRIP = NO;
				DEBUG_INFORMATION_FORMAT = dwarf;
				ENABLE_STRICT_OBJC_MSGSEND = YES;
				ENABLE_TESTABILITY = YES;
				GCC_C_LANGUAGE_STANDARD = gnu11;
				GCC_DYNAMIC_NO_PIC = NO;
				GCC_NO_COMMON_BLOCKS = YES;
				GCC_OPTIMIZATION_LEVEL = 0;
				GCC_PREPROCESSOR_DEFINITIONS = (
					"DEBUG=1",
					"$(inherited)",
				);
				GCC_WARN_64_TO_32_BIT_CONVERSION = YES;
				GCC_WARN_ABOUT_RETURN_TYPE = YES_ERROR;
				GCC_WARN_UNDECLARED_SELECTOR = YES;
				GCC_WARN_UNINITIALIZED_AUTOS = YES_AGGRESSIVE;
				GCC_WARN_UNUSED_FUNCTION = YES;
				GCC_WARN_UNUSED_VARIABLE = YES;
				IPHONEOS_DEPLOYMENT_TARGET = 16.0;
				MTL_ENABLE_DEBUG_INFO = INCLUDE_SOURCE;
				MTL_FAST_MATH = YES;
				ONLY_ACTIVE_ARCH = YES;
				SDKROOT = iphoneos;
				SWIFT_ACTIVE_COMPILATION_CONDITIONS = DEBUG;
				SWIFT_OPTIMIZATION_LEVEL = "-Onone";
			};
			name = Debug;
		};
		E08F272E28DDA09000329C5E /* Release */ = {
			isa = XCBuildConfiguration;
			buildSettings = {
				ALWAYS_SEARCH_USER_PATHS = NO;
				CLANG_ANALYZER_NONNULL = YES;
				CLANG_ANALYZER_NUMBER_OBJECT_CONVERSION = YES_AGGRESSIVE;
				CLANG_CXX_LANGUAGE_STANDARD = "gnu++20";
				CLANG_ENABLE_MODULES = YES;
				CLANG_ENABLE_OBJC_ARC = YES;
				CLANG_ENABLE_OBJC_WEAK = YES;
				CLANG_WARN_BLOCK_CAPTURE_AUTORELEASING = YES;
				CLANG_WARN_BOOL_CONVERSION = YES;
				CLANG_WARN_COMMA = YES;
				CLANG_WARN_CONSTANT_CONVERSION = YES;
				CLANG_WARN_DEPRECATED_OBJC_IMPLEMENTATIONS = YES;
				CLANG_WARN_DIRECT_OBJC_ISA_USAGE = YES_ERROR;
				CLANG_WARN_DOCUMENTATION_COMMENTS = YES;
				CLANG_WARN_EMPTY_BODY = YES;
				CLANG_WARN_ENUM_CONVERSION = YES;
				CLANG_WARN_INFINITE_RECURSION = YES;
				CLANG_WARN_INT_CONVERSION = YES;
				CLANG_WARN_NON_LITERAL_NULL_CONVERSION = YES;
				CLANG_WARN_OBJC_IMPLICIT_RETAIN_SELF = YES;
				CLANG_WARN_OBJC_LITERAL_CONVERSION = YES;
				CLANG_WARN_OBJC_ROOT_CLASS = YES_ERROR;
				CLANG_WARN_QUOTED_INCLUDE_IN_FRAMEWORK_HEADER = YES;
				CLANG_WARN_RANGE_LOOP_ANALYSIS = YES;
				CLANG_WARN_STRICT_PROTOTYPES = YES;
				CLANG_WARN_SUSPICIOUS_MOVE = YES;
				CLANG_WARN_UNGUARDED_AVAILABILITY = YES_AGGRESSIVE;
				CLANG_WARN_UNREACHABLE_CODE = YES;
				CLANG_WARN__DUPLICATE_METHOD_MATCH = YES;
				COPY_PHASE_STRIP = NO;
				DEBUG_INFORMATION_FORMAT = "dwarf-with-dsym";
				ENABLE_NS_ASSERTIONS = NO;
				ENABLE_STRICT_OBJC_MSGSEND = YES;
				GCC_C_LANGUAGE_STANDARD = gnu11;
				GCC_NO_COMMON_BLOCKS = YES;
				GCC_WARN_64_TO_32_BIT_CONVERSION = YES;
				GCC_WARN_ABOUT_RETURN_TYPE = YES_ERROR;
				GCC_WARN_UNDECLARED_SELECTOR = YES;
				GCC_WARN_UNINITIALIZED_AUTOS = YES_AGGRESSIVE;
				GCC_WARN_UNUSED_FUNCTION = YES;
				GCC_WARN_UNUSED_VARIABLE = YES;
				IPHONEOS_DEPLOYMENT_TARGET = 16.0;
				MTL_ENABLE_DEBUG_INFO = NO;
				MTL_FAST_MATH = YES;
				SDKROOT = iphoneos;
				SWIFT_COMPILATION_MODE = wholemodule;
				SWIFT_OPTIMIZATION_LEVEL = "-O";
				VALIDATE_PRODUCT = YES;
			};
			name = Release;
		};
		E08F273028DDA09000329C5E /* Debug */ = {
			isa = XCBuildConfiguration;
			buildSettings = {
				ASSETCATALOG_COMPILER_APPICON_NAME = AppIcon;
				ASSETCATALOG_COMPILER_GLOBAL_ACCENT_COLOR_NAME = AccentColor;
				CODE_SIGN_STYLE = Automatic;
				CURRENT_PROJECT_VERSION = 1;
				DEVELOPMENT_ASSET_PATHS = "\"Artwork_Management/Preview Content\"";
				DEVELOPMENT_TEAM = 75C8G6TM49;
				ENABLE_PREVIEWS = YES;
				GENERATE_INFOPLIST_FILE = YES;
				INFOPLIST_KEY_UIApplicationSceneManifest_Generation = YES;
				INFOPLIST_KEY_UIApplicationSupportsIndirectInputEvents = YES;
				INFOPLIST_KEY_UILaunchScreen_Generation = YES;
				INFOPLIST_KEY_UISupportedInterfaceOrientations_iPad = "UIInterfaceOrientationPortrait UIInterfaceOrientationPortraitUpsideDown UIInterfaceOrientationLandscapeLeft UIInterfaceOrientationLandscapeRight";
				INFOPLIST_KEY_UISupportedInterfaceOrientations_iPhone = "UIInterfaceOrientationPortrait UIInterfaceOrientationLandscapeLeft UIInterfaceOrientationLandscapeRight";
				LD_RUNPATH_SEARCH_PATHS = (
					"$(inherited)",
					"@executable_path/Frameworks",
				);
				MARKETING_VERSION = 1.0;
				PRODUCT_BUNDLE_IDENTIFIER = "com.-gmail.kennsuke242424ios.Artwork-Management";
				PRODUCT_NAME = "$(TARGET_NAME)";
				SWIFT_EMIT_LOC_STRINGS = YES;
				SWIFT_VERSION = 5.0;
				TARGETED_DEVICE_FAMILY = "1,2";
			};
			name = Debug;
		};
		E08F273128DDA09000329C5E /* Release */ = {
			isa = XCBuildConfiguration;
			buildSettings = {
				ASSETCATALOG_COMPILER_APPICON_NAME = AppIcon;
				ASSETCATALOG_COMPILER_GLOBAL_ACCENT_COLOR_NAME = AccentColor;
				CODE_SIGN_STYLE = Automatic;
				CURRENT_PROJECT_VERSION = 1;
				DEVELOPMENT_ASSET_PATHS = "\"Artwork_Management/Preview Content\"";
				DEVELOPMENT_TEAM = 75C8G6TM49;
				ENABLE_PREVIEWS = YES;
				GENERATE_INFOPLIST_FILE = YES;
				INFOPLIST_KEY_UIApplicationSceneManifest_Generation = YES;
				INFOPLIST_KEY_UIApplicationSupportsIndirectInputEvents = YES;
				INFOPLIST_KEY_UILaunchScreen_Generation = YES;
				INFOPLIST_KEY_UISupportedInterfaceOrientations_iPad = "UIInterfaceOrientationPortrait UIInterfaceOrientationPortraitUpsideDown UIInterfaceOrientationLandscapeLeft UIInterfaceOrientationLandscapeRight";
				INFOPLIST_KEY_UISupportedInterfaceOrientations_iPhone = "UIInterfaceOrientationPortrait UIInterfaceOrientationLandscapeLeft UIInterfaceOrientationLandscapeRight";
				LD_RUNPATH_SEARCH_PATHS = (
					"$(inherited)",
					"@executable_path/Frameworks",
				);
				MARKETING_VERSION = 1.0;
				PRODUCT_BUNDLE_IDENTIFIER = "com.-gmail.kennsuke242424ios.Artwork-Management";
				PRODUCT_NAME = "$(TARGET_NAME)";
				SWIFT_EMIT_LOC_STRINGS = YES;
				SWIFT_VERSION = 5.0;
				TARGETED_DEVICE_FAMILY = "1,2";
			};
			name = Release;
		};
/* End XCBuildConfiguration section */

/* Begin XCConfigurationList section */
		E08F271C28DDA08E00329C5E /* Build configuration list for PBXProject "Artwork_Management" */ = {
			isa = XCConfigurationList;
			buildConfigurations = (
				E08F272D28DDA09000329C5E /* Debug */,
				E08F272E28DDA09000329C5E /* Release */,
			);
			defaultConfigurationIsVisible = 0;
			defaultConfigurationName = Release;
		};
		E08F272F28DDA09000329C5E /* Build configuration list for PBXNativeTarget "Artwork_Management" */ = {
			isa = XCConfigurationList;
			buildConfigurations = (
				E08F273028DDA09000329C5E /* Debug */,
				E08F273128DDA09000329C5E /* Release */,
			);
			defaultConfigurationIsVisible = 0;
			defaultConfigurationName = Release;
		};
/* End XCConfigurationList section */
	};
	rootObject = E08F271928DDA08E00329C5E /* Project object */;
}
